# THIS IS AN AUTOGENERATED FILE. DO NOT EDIT THIS FILE DIRECTLY.
# yarn lockfile v1


"@types/node@16":
  version "16.11.45"
  resolved "https://registry.yarnpkg.com/@types/node/-/node-16.11.45.tgz#155b13a33c665ef2b136f7f245fa525da419e810"
  integrity sha512-3rKg/L5x0rofKuuUt5zlXzOnKyIHXmIu5R8A0TuNDMF2062/AOIDBciFIjToLEJ/9F9DzkHNot+BpNsMI1OLdQ==
